// !$*UTF8*$!
{
	archiveVersion = 1;
	classes = {
	};
	objectVersion = 56;
	objects = {

/* Begin PBXBuildFile section */
		D1A6B8932D60DB7100EAAA1A /* AppDelegate.swift in Sources */ = {isa = PBXBuildFile; fileRef = D1A6B8922D60DB7100EAAA1A /* AppDelegate.swift */; };
		D1A6B8952D60DB7100EAAA1A /* SceneDelegate.swift in Sources */ = {isa = PBXBuildFile; fileRef = D1A6B8942D60DB7100EAAA1A /* SceneDelegate.swift */; };
		D1A6B89C2D60DB7200EAAA1A /* Assets.xcassets in Resources */ = {isa = PBXBuildFile; fileRef = D1A6B89B2D60DB7200EAAA1A /* Assets.xcassets */; };
		D1A6B89F2D60DB7200EAAA1A /* LaunchScreen.storyboard in Resources */ = {isa = PBXBuildFile; fileRef = D1A6B89D2D60DB7200EAAA1A /* LaunchScreen.storyboard */; };
		D1A6B8B42D60DB7200EAAA1A /* PaypayChallengeUITests.swift in Sources */ = {isa = PBXBuildFile; fileRef = D1A6B8B32D60DB7200EAAA1A /* PaypayChallengeUITests.swift */; };
		D1A6B8B62D60DB7200EAAA1A /* PaypayChallengeUITestsLaunchTests.swift in Sources */ = {isa = PBXBuildFile; fileRef = D1A6B8B52D60DB7200EAAA1A /* PaypayChallengeUITestsLaunchTests.swift */; };
		D1A6B8C42D60DCDF00EAAA1A /* RHNetworkAPI in Frameworks */ = {isa = PBXBuildFile; productRef = D1A6B8C32D60DCDF00EAAA1A /* RHNetworkAPI */; };
		D1A6B8C72D60DCF100EAAA1A /* RHCacheStoreAPI in Frameworks */ = {isa = PBXBuildFile; productRef = D1A6B8C62D60DCF100EAAA1A /* RHCacheStoreAPI */; };
		D1A6B8CC2D60DD5400EAAA1A /* RatesDTO.swift in Sources */ = {isa = PBXBuildFile; fileRef = D1A6B8CB2D60DD5400EAAA1A /* RatesDTO.swift */; };
		D1A6B8CE2D60DDB400EAAA1A /* RemoteCurrenciesRepository.swift in Sources */ = {isa = PBXBuildFile; fileRef = D1A6B8CD2D60DDB400EAAA1A /* RemoteCurrenciesRepository.swift */; };
		D1A6B8D02D60DF8C00EAAA1A /* RemoteEndToEndTests.swift in Sources */ = {isa = PBXBuildFile; fileRef = D1A6B8CF2D60DF8C00EAAA1A /* RemoteEndToEndTests.swift */; };
		D1D8D47A2D60EA36004F0E20 /* StoreCurrenciesRepository.swift in Sources */ = {isa = PBXBuildFile; fileRef = D1D8D4792D60EA36004F0E20 /* StoreCurrenciesRepository.swift */; };
		D1D8D47C2D60F2F2004F0E20 /* LocalEndToEndTests.swift in Sources */ = {isa = PBXBuildFile; fileRef = D1D8D47B2D60F2F2004F0E20 /* LocalEndToEndTests.swift */; };
		D1D8D47F2D60FBF0004F0E20 /* GetCurrenciesUseCase.swift in Sources */ = {isa = PBXBuildFile; fileRef = D1D8D47E2D60FBF0004F0E20 /* GetCurrenciesUseCase.swift */; };
		D1D8D4802D60FBF0004F0E20 /* GetCurrenciesUseCase.swift in Sources */ = {isa = PBXBuildFile; fileRef = D1D8D47E2D60FBF0004F0E20 /* GetCurrenciesUseCase.swift */; };
		D1D8D4832D60FF9B004F0E20 /* Rate.swift in Sources */ = {isa = PBXBuildFile; fileRef = D1D8D4822D60FF9B004F0E20 /* Rate.swift */; };
		D1D8D4842D60FF9B004F0E20 /* Rate.swift in Sources */ = {isa = PBXBuildFile; fileRef = D1D8D4822D60FF9B004F0E20 /* Rate.swift */; };
		D1D8D4882D6108F0004F0E20 /* RemoteCurrenciesRepository.swift in Sources */ = {isa = PBXBuildFile; fileRef = D1A6B8CD2D60DDB400EAAA1A /* RemoteCurrenciesRepository.swift */; };
		D1D8D4892D6108F4004F0E20 /* StoreCurrenciesRepository.swift in Sources */ = {isa = PBXBuildFile; fileRef = D1D8D4792D60EA36004F0E20 /* StoreCurrenciesRepository.swift */; };
		D1D8D48A2D610943004F0E20 /* RatesDTO.swift in Sources */ = {isa = PBXBuildFile; fileRef = D1A6B8CB2D60DD5400EAAA1A /* RatesDTO.swift */; };
		D1D8D48D2D6109AF004F0E20 /* GetCurrenciesUseCaseTests.swift in Sources */ = {isa = PBXBuildFile; fileRef = D1D8D48B2D6109AF004F0E20 /* GetCurrenciesUseCaseTests.swift */; };
		D1D8D48F2D610B00004F0E20 /* ConvertCurrencyUseCase.swift in Sources */ = {isa = PBXBuildFile; fileRef = D1D8D48E2D610B00004F0E20 /* ConvertCurrencyUseCase.swift */; };
		D1D8D4902D610B00004F0E20 /* ConvertCurrencyUseCase.swift in Sources */ = {isa = PBXBuildFile; fileRef = D1D8D48E2D610B00004F0E20 /* ConvertCurrencyUseCase.swift */; };
		D1D8D4922D610DBE004F0E20 /* ConvertCurrencyUseCaseTests.swift in Sources */ = {isa = PBXBuildFile; fileRef = D1D8D4912D610DBE004F0E20 /* ConvertCurrencyUseCaseTests.swift */; };
		D1D8D4952D610EB0004F0E20 /* ConverterViewModel.swift in Sources */ = {isa = PBXBuildFile; fileRef = D1D8D4942D610EB0004F0E20 /* ConverterViewModel.swift */; };
		D1D8D4962D6115E8004F0E20 /* ConverterViewModel.swift in Sources */ = {isa = PBXBuildFile; fileRef = D1D8D4942D610EB0004F0E20 /* ConverterViewModel.swift */; };
		D1D8D4982D611664004F0E20 /* ConverterViewModelTests.swift in Sources */ = {isa = PBXBuildFile; fileRef = D1D8D4972D611664004F0E20 /* ConverterViewModelTests.swift */; };
		D1D8D49B2D617DF2004F0E20 /* ConverterViewController.swift in Sources */ = {isa = PBXBuildFile; fileRef = D1D8D49A2D617DF2004F0E20 /* ConverterViewController.swift */; };
		D1D8D49E2D617EB3004F0E20 /* SnapKit in Frameworks */ = {isa = PBXBuildFile; productRef = D1D8D49D2D617EB3004F0E20 /* SnapKit */; };
		D1D8D4A12D624650004F0E20 /* ConversionCell.swift in Sources */ = {isa = PBXBuildFile; fileRef = D1D8D4A02D624650004F0E20 /* ConversionCell.swift */; };
/* End PBXBuildFile section */

/* Begin PBXContainerItemProxy section */
		D1A6B8A62D60DB7200EAAA1A /* PBXContainerItemProxy */ = {
			isa = PBXContainerItemProxy;
			containerPortal = D1A6B8872D60DB7100EAAA1A /* Project object */;
			proxyType = 1;
			remoteGlobalIDString = D1A6B88E2D60DB7100EAAA1A;
			remoteInfo = PaypayChallenge;
		};
		D1A6B8B02D60DB7200EAAA1A /* PBXContainerItemProxy */ = {
			isa = PBXContainerItemProxy;
			containerPortal = D1A6B8872D60DB7100EAAA1A /* Project object */;
			proxyType = 1;
			remoteGlobalIDString = D1A6B88E2D60DB7100EAAA1A;
			remoteInfo = PaypayChallenge;
		};
/* End PBXContainerItemProxy section */

/* Begin PBXFileReference section */
		D1A6B88F2D60DB7100EAAA1A /* PaypayChallenge.app */ = {isa = PBXFileReference; explicitFileType = wrapper.application; includeInIndex = 0; path = PaypayChallenge.app; sourceTree = BUILT_PRODUCTS_DIR; };
		D1A6B8922D60DB7100EAAA1A /* AppDelegate.swift */ = {isa = PBXFileReference; lastKnownFileType = sourcecode.swift; path = AppDelegate.swift; sourceTree = "<group>"; };
		D1A6B8942D60DB7100EAAA1A /* SceneDelegate.swift */ = {isa = PBXFileReference; lastKnownFileType = sourcecode.swift; path = SceneDelegate.swift; sourceTree = "<group>"; };
		D1A6B89B2D60DB7200EAAA1A /* Assets.xcassets */ = {isa = PBXFileReference; lastKnownFileType = folder.assetcatalog; path = Assets.xcassets; sourceTree = "<group>"; };
		D1A6B89E2D60DB7200EAAA1A /* Base */ = {isa = PBXFileReference; lastKnownFileType = file.storyboard; name = Base; path = Base.lproj/LaunchScreen.storyboard; sourceTree = "<group>"; };
		D1A6B8A02D60DB7200EAAA1A /* Info.plist */ = {isa = PBXFileReference; lastKnownFileType = text.plist.xml; path = Info.plist; sourceTree = "<group>"; };
		D1A6B8A52D60DB7200EAAA1A /* PaypayChallengeTests.xctest */ = {isa = PBXFileReference; explicitFileType = wrapper.cfbundle; includeInIndex = 0; path = PaypayChallengeTests.xctest; sourceTree = BUILT_PRODUCTS_DIR; };
		D1A6B8AF2D60DB7200EAAA1A /* PaypayChallengeUITests.xctest */ = {isa = PBXFileReference; explicitFileType = wrapper.cfbundle; includeInIndex = 0; path = PaypayChallengeUITests.xctest; sourceTree = BUILT_PRODUCTS_DIR; };
		D1A6B8B32D60DB7200EAAA1A /* PaypayChallengeUITests.swift */ = {isa = PBXFileReference; lastKnownFileType = sourcecode.swift; path = PaypayChallengeUITests.swift; sourceTree = "<group>"; };
		D1A6B8B52D60DB7200EAAA1A /* PaypayChallengeUITestsLaunchTests.swift */ = {isa = PBXFileReference; lastKnownFileType = sourcecode.swift; path = PaypayChallengeUITestsLaunchTests.swift; sourceTree = "<group>"; };
		D1A6B8CB2D60DD5400EAAA1A /* RatesDTO.swift */ = {isa = PBXFileReference; lastKnownFileType = sourcecode.swift; path = RatesDTO.swift; sourceTree = "<group>"; };
		D1A6B8CD2D60DDB400EAAA1A /* RemoteCurrenciesRepository.swift */ = {isa = PBXFileReference; lastKnownFileType = sourcecode.swift; path = RemoteCurrenciesRepository.swift; sourceTree = "<group>"; };
		D1A6B8CF2D60DF8C00EAAA1A /* RemoteEndToEndTests.swift */ = {isa = PBXFileReference; lastKnownFileType = sourcecode.swift; path = RemoteEndToEndTests.swift; sourceTree = "<group>"; };
		D1D8D4792D60EA36004F0E20 /* StoreCurrenciesRepository.swift */ = {isa = PBXFileReference; lastKnownFileType = sourcecode.swift; path = StoreCurrenciesRepository.swift; sourceTree = "<group>"; };
		D1D8D47B2D60F2F2004F0E20 /* LocalEndToEndTests.swift */ = {isa = PBXFileReference; lastKnownFileType = sourcecode.swift; path = LocalEndToEndTests.swift; sourceTree = "<group>"; };
		D1D8D47E2D60FBF0004F0E20 /* GetCurrenciesUseCase.swift */ = {isa = PBXFileReference; lastKnownFileType = sourcecode.swift; path = GetCurrenciesUseCase.swift; sourceTree = "<group>"; };
		D1D8D4822D60FF9B004F0E20 /* Rate.swift */ = {isa = PBXFileReference; lastKnownFileType = sourcecode.swift; path = Rate.swift; sourceTree = "<group>"; };
		D1D8D48B2D6109AF004F0E20 /* GetCurrenciesUseCaseTests.swift */ = {isa = PBXFileReference; lastKnownFileType = sourcecode.swift; path = GetCurrenciesUseCaseTests.swift; sourceTree = "<group>"; };
		D1D8D48E2D610B00004F0E20 /* ConvertCurrencyUseCase.swift */ = {isa = PBXFileReference; lastKnownFileType = sourcecode.swift; path = ConvertCurrencyUseCase.swift; sourceTree = "<group>"; };
		D1D8D4912D610DBE004F0E20 /* ConvertCurrencyUseCaseTests.swift */ = {isa = PBXFileReference; lastKnownFileType = sourcecode.swift; path = ConvertCurrencyUseCaseTests.swift; sourceTree = "<group>"; };
		D1D8D4942D610EB0004F0E20 /* ConverterViewModel.swift */ = {isa = PBXFileReference; lastKnownFileType = sourcecode.swift; path = ConverterViewModel.swift; sourceTree = "<group>"; };
		D1D8D4972D611664004F0E20 /* ConverterViewModelTests.swift */ = {isa = PBXFileReference; lastKnownFileType = sourcecode.swift; path = ConverterViewModelTests.swift; sourceTree = "<group>"; };
		D1D8D4992D6116EA004F0E20 /* PaypayChallenge.xctestplan */ = {isa = PBXFileReference; lastKnownFileType = text; path = PaypayChallenge.xctestplan; sourceTree = "<group>"; };
		D1D8D49A2D617DF2004F0E20 /* ConverterViewController.swift */ = {isa = PBXFileReference; lastKnownFileType = sourcecode.swift; path = ConverterViewController.swift; sourceTree = "<group>"; };
		D1D8D4A02D624650004F0E20 /* ConversionCell.swift */ = {isa = PBXFileReference; lastKnownFileType = sourcecode.swift; path = ConversionCell.swift; sourceTree = "<group>"; };
/* End PBXFileReference section */

/* Begin PBXFrameworksBuildPhase section */
		D1A6B88C2D60DB7100EAAA1A /* Frameworks */ = {
			isa = PBXFrameworksBuildPhase;
			buildActionMask = 2147483647;
			files = (
				D1D8D49E2D617EB3004F0E20 /* SnapKit in Frameworks */,
				D1A6B8C72D60DCF100EAAA1A /* RHCacheStoreAPI in Frameworks */,
				D1A6B8C42D60DCDF00EAAA1A /* RHNetworkAPI in Frameworks */,
			);
			runOnlyForDeploymentPostprocessing = 0;
		};
		D1A6B8A22D60DB7200EAAA1A /* Frameworks */ = {
			isa = PBXFrameworksBuildPhase;
			buildActionMask = 2147483647;
			files = (
			);
			runOnlyForDeploymentPostprocessing = 0;
		};
		D1A6B8AC2D60DB7200EAAA1A /* Frameworks */ = {
			isa = PBXFrameworksBuildPhase;
			buildActionMask = 2147483647;
			files = (
			);
			runOnlyForDeploymentPostprocessing = 0;
		};
/* End PBXFrameworksBuildPhase section */

/* Begin PBXGroup section */
		D1A6B8862D60DB7100EAAA1A = {
			isa = PBXGroup;
			children = (
				D1D8D4992D6116EA004F0E20 /* PaypayChallenge.xctestplan */,
				D1A6B8912D60DB7100EAAA1A /* PaypayChallenge */,
				D1A6B8A82D60DB7200EAAA1A /* PaypayChallengeTests */,
				D1A6B8B22D60DB7200EAAA1A /* PaypayChallengeUITests */,
				D1A6B8902D60DB7100EAAA1A /* Products */,
				D1D8D49C2D617EB3004F0E20 /* Frameworks */,
			);
			sourceTree = "<group>";
		};
		D1A6B8902D60DB7100EAAA1A /* Products */ = {
			isa = PBXGroup;
			children = (
				D1A6B88F2D60DB7100EAAA1A /* PaypayChallenge.app */,
				D1A6B8A52D60DB7200EAAA1A /* PaypayChallengeTests.xctest */,
				D1A6B8AF2D60DB7200EAAA1A /* PaypayChallengeUITests.xctest */,
			);
			name = Products;
			sourceTree = "<group>";
		};
		D1A6B8912D60DB7100EAAA1A /* PaypayChallenge */ = {
			isa = PBXGroup;
			children = (
				D1A6B8922D60DB7100EAAA1A /* AppDelegate.swift */,
				D1A6B8942D60DB7100EAAA1A /* SceneDelegate.swift */,
				D1D8D4932D610E26004F0E20 /* PresenterLayer */,
				D1D8D47D2D60FBA7004F0E20 /* DomainLayer */,
				D1A6B8C92D60DD1800EAAA1A /* DataLayer */,
				D1A6B89B2D60DB7200EAAA1A /* Assets.xcassets */,
				D1A6B89D2D60DB7200EAAA1A /* LaunchScreen.storyboard */,
				D1A6B8A02D60DB7200EAAA1A /* Info.plist */,
			);
			path = PaypayChallenge;
			sourceTree = "<group>";
		};
		D1A6B8A82D60DB7200EAAA1A /* PaypayChallengeTests */ = {
			isa = PBXGroup;
			children = (
				D1A6B8CF2D60DF8C00EAAA1A /* RemoteEndToEndTests.swift */,
				D1D8D47B2D60F2F2004F0E20 /* LocalEndToEndTests.swift */,
				D1D8D48B2D6109AF004F0E20 /* GetCurrenciesUseCaseTests.swift */,
				D1D8D4912D610DBE004F0E20 /* ConvertCurrencyUseCaseTests.swift */,
				D1D8D4972D611664004F0E20 /* ConverterViewModelTests.swift */,
			);
			path = PaypayChallengeTests;
			sourceTree = "<group>";
		};
		D1A6B8B22D60DB7200EAAA1A /* PaypayChallengeUITests */ = {
			isa = PBXGroup;
			children = (
				D1A6B8B32D60DB7200EAAA1A /* PaypayChallengeUITests.swift */,
				D1A6B8B52D60DB7200EAAA1A /* PaypayChallengeUITestsLaunchTests.swift */,
			);
			path = PaypayChallengeUITests;
			sourceTree = "<group>";
		};
		D1A6B8C92D60DD1800EAAA1A /* DataLayer */ = {
			isa = PBXGroup;
			children = (
				D1A6B8CA2D60DD2F00EAAA1A /* DTOs */,
				D1A6B8CD2D60DDB400EAAA1A /* RemoteCurrenciesRepository.swift */,
				D1D8D4792D60EA36004F0E20 /* StoreCurrenciesRepository.swift */,
			);
			path = DataLayer;
			sourceTree = "<group>";
		};
		D1A6B8CA2D60DD2F00EAAA1A /* DTOs */ = {
			isa = PBXGroup;
			children = (
				D1A6B8CB2D60DD5400EAAA1A /* RatesDTO.swift */,
			);
			path = DTOs;
			sourceTree = "<group>";
		};
		D1D8D47D2D60FBA7004F0E20 /* DomainLayer */ = {
			isa = PBXGroup;
			children = (
				D1D8D4812D60FEED004F0E20 /* DomainModels */,
				D1D8D47E2D60FBF0004F0E20 /* GetCurrenciesUseCase.swift */,
				D1D8D48E2D610B00004F0E20 /* ConvertCurrencyUseCase.swift */,
			);
			path = DomainLayer;
			sourceTree = "<group>";
		};
		D1D8D4812D60FEED004F0E20 /* DomainModels */ = {
			isa = PBXGroup;
			children = (
				D1D8D4822D60FF9B004F0E20 /* Rate.swift */,
			);
			path = DomainModels;
			sourceTree = "<group>";
		};
		D1D8D4932D610E26004F0E20 /* PresenterLayer */ = {
			isa = PBXGroup;
			children = (
				D1D8D49F2D624630004F0E20 /* Views */,
				D1D8D49A2D617DF2004F0E20 /* ConverterViewController.swift */,
				D1D8D4942D610EB0004F0E20 /* ConverterViewModel.swift */,
			);
			path = PresenterLayer;
			sourceTree = "<group>";
		};
		D1D8D49C2D617EB3004F0E20 /* Frameworks */ = {
			isa = PBXGroup;
			children = (
			);
			name = Frameworks;
			sourceTree = "<group>";
		};
		D1D8D49F2D624630004F0E20 /* Views */ = {
			isa = PBXGroup;
			children = (
				D1D8D4A02D624650004F0E20 /* ConversionCell.swift */,
			);
			path = Views;
			sourceTree = "<group>";
		};
/* End PBXGroup section */

/* Begin PBXNativeTarget section */
		D1A6B88E2D60DB7100EAAA1A /* PaypayChallenge */ = {
			isa = PBXNativeTarget;
			buildConfigurationList = D1A6B8B92D60DB7200EAAA1A /* Build configuration list for PBXNativeTarget "PaypayChallenge" */;
			buildPhases = (
				D1A6B88B2D60DB7100EAAA1A /* Sources */,
				D1A6B88C2D60DB7100EAAA1A /* Frameworks */,
				D1A6B88D2D60DB7100EAAA1A /* Resources */,
			);
			buildRules = (
			);
			dependencies = (
			);
			name = PaypayChallenge;
			packageProductDependencies = (
				D1A6B8C32D60DCDF00EAAA1A /* RHNetworkAPI */,
				D1A6B8C62D60DCF100EAAA1A /* RHCacheStoreAPI */,
				D1D8D49D2D617EB3004F0E20 /* SnapKit */,
			);
			productName = PaypayChallenge;
			productReference = D1A6B88F2D60DB7100EAAA1A /* PaypayChallenge.app */;
			productType = "com.apple.product-type.application";
		};
		D1A6B8A42D60DB7200EAAA1A /* PaypayChallengeTests */ = {
			isa = PBXNativeTarget;
			buildConfigurationList = D1A6B8BC2D60DB7200EAAA1A /* Build configuration list for PBXNativeTarget "PaypayChallengeTests" */;
			buildPhases = (
				D1A6B8A12D60DB7200EAAA1A /* Sources */,
				D1A6B8A22D60DB7200EAAA1A /* Frameworks */,
				D1A6B8A32D60DB7200EAAA1A /* Resources */,
			);
			buildRules = (
			);
			dependencies = (
				D1A6B8A72D60DB7200EAAA1A /* PBXTargetDependency */,
			);
			name = PaypayChallengeTests;
			productName = PaypayChallengeTests;
			productReference = D1A6B8A52D60DB7200EAAA1A /* PaypayChallengeTests.xctest */;
			productType = "com.apple.product-type.bundle.unit-test";
		};
		D1A6B8AE2D60DB7200EAAA1A /* PaypayChallengeUITests */ = {
			isa = PBXNativeTarget;
			buildConfigurationList = D1A6B8BF2D60DB7200EAAA1A /* Build configuration list for PBXNativeTarget "PaypayChallengeUITests" */;
			buildPhases = (
				D1A6B8AB2D60DB7200EAAA1A /* Sources */,
				D1A6B8AC2D60DB7200EAAA1A /* Frameworks */,
				D1A6B8AD2D60DB7200EAAA1A /* Resources */,
			);
			buildRules = (
			);
			dependencies = (
				D1A6B8B12D60DB7200EAAA1A /* PBXTargetDependency */,
			);
			name = PaypayChallengeUITests;
			productName = PaypayChallengeUITests;
			productReference = D1A6B8AF2D60DB7200EAAA1A /* PaypayChallengeUITests.xctest */;
			productType = "com.apple.product-type.bundle.ui-testing";
		};
/* End PBXNativeTarget section */

/* Begin PBXProject section */
		D1A6B8872D60DB7100EAAA1A /* Project object */ = {
			isa = PBXProject;
			attributes = {
				BuildIndependentTargetsInParallel = 1;
				LastSwiftUpdateCheck = 1520;
				LastUpgradeCheck = 1520;
				TargetAttributes = {
					D1A6B88E2D60DB7100EAAA1A = {
						CreatedOnToolsVersion = 15.2;
					};
					D1A6B8A42D60DB7200EAAA1A = {
						CreatedOnToolsVersion = 15.2;
						TestTargetID = D1A6B88E2D60DB7100EAAA1A;
					};
					D1A6B8AE2D60DB7200EAAA1A = {
						CreatedOnToolsVersion = 15.2;
						TestTargetID = D1A6B88E2D60DB7100EAAA1A;
					};
				};
			};
			buildConfigurationList = D1A6B88A2D60DB7100EAAA1A /* Build configuration list for PBXProject "PaypayChallenge" */;
			compatibilityVersion = "Xcode 14.0";
			developmentRegion = en;
			hasScannedForEncodings = 0;
			knownRegions = (
				en,
				Base,
			);
			mainGroup = D1A6B8862D60DB7100EAAA1A;
			packageReferences = (
				D1A6B8C22D60DCDF00EAAA1A /* XCRemoteSwiftPackageReference "RHNetworkAPI" */,
				D1A6B8C52D60DCF100EAAA1A /* XCRemoteSwiftPackageReference "RHCacheStoreAPI" */,
				D1A6B8C82D60DD0500EAAA1A /* XCRemoteSwiftPackageReference "SnapKit" */,
			);
			productRefGroup = D1A6B8902D60DB7100EAAA1A /* Products */;
			projectDirPath = "";
			projectRoot = "";
			targets = (
				D1A6B88E2D60DB7100EAAA1A /* PaypayChallenge */,
				D1A6B8A42D60DB7200EAAA1A /* PaypayChallengeTests */,
				D1A6B8AE2D60DB7200EAAA1A /* PaypayChallengeUITests */,
			);
		};
/* End PBXProject section */

/* Begin PBXResourcesBuildPhase section */
		D1A6B88D2D60DB7100EAAA1A /* Resources */ = {
			isa = PBXResourcesBuildPhase;
			buildActionMask = 2147483647;
			files = (
				D1A6B89F2D60DB7200EAAA1A /* LaunchScreen.storyboard in Resources */,
				D1A6B89C2D60DB7200EAAA1A /* Assets.xcassets in Resources */,
			);
			runOnlyForDeploymentPostprocessing = 0;
		};
		D1A6B8A32D60DB7200EAAA1A /* Resources */ = {
			isa = PBXResourcesBuildPhase;
			buildActionMask = 2147483647;
			files = (
			);
			runOnlyForDeploymentPostprocessing = 0;
		};
		D1A6B8AD2D60DB7200EAAA1A /* Resources */ = {
			isa = PBXResourcesBuildPhase;
			buildActionMask = 2147483647;
			files = (
			);
			runOnlyForDeploymentPostprocessing = 0;
		};
/* End PBXResourcesBuildPhase section */

/* Begin PBXSourcesBuildPhase section */
		D1A6B88B2D60DB7100EAAA1A /* Sources */ = {
			isa = PBXSourcesBuildPhase;
			buildActionMask = 2147483647;
			files = (
				D1D8D4952D610EB0004F0E20 /* ConverterViewModel.swift in Sources */,
				D1D8D48F2D610B00004F0E20 /* ConvertCurrencyUseCase.swift in Sources */,
				D1D8D4832D60FF9B004F0E20 /* Rate.swift in Sources */,
				D1A6B8CE2D60DDB400EAAA1A /* RemoteCurrenciesRepository.swift in Sources */,
				D1D8D4A12D624650004F0E20 /* ConversionCell.swift in Sources */,
				D1D8D47A2D60EA36004F0E20 /* StoreCurrenciesRepository.swift in Sources */,
				D1A6B8CC2D60DD5400EAAA1A /* RatesDTO.swift in Sources */,
				D1D8D47F2D60FBF0004F0E20 /* GetCurrenciesUseCase.swift in Sources */,
				D1D8D49B2D617DF2004F0E20 /* ConverterViewController.swift in Sources */,
				D1A6B8932D60DB7100EAAA1A /* AppDelegate.swift in Sources */,
				D1A6B8952D60DB7100EAAA1A /* SceneDelegate.swift in Sources */,
			);
			runOnlyForDeploymentPostprocessing = 0;
		};
		D1A6B8A12D60DB7200EAAA1A /* Sources */ = {
			isa = PBXSourcesBuildPhase;
			buildActionMask = 2147483647;
			files = (
				D1D8D4802D60FBF0004F0E20 /* GetCurrenciesUseCase.swift in Sources */,
				D1D8D4902D610B00004F0E20 /* ConvertCurrencyUseCase.swift in Sources */,
				D1D8D48D2D6109AF004F0E20 /* GetCurrenciesUseCaseTests.swift in Sources */,
				D1D8D4842D60FF9B004F0E20 /* Rate.swift in Sources */,
				D1D8D4882D6108F0004F0E20 /* RemoteCurrenciesRepository.swift in Sources */,
				D1D8D4892D6108F4004F0E20 /* StoreCurrenciesRepository.swift in Sources */,
				D1D8D47C2D60F2F2004F0E20 /* LocalEndToEndTests.swift in Sources */,
				D1D8D4982D611664004F0E20 /* ConverterViewModelTests.swift in Sources */,
				D1A6B8D02D60DF8C00EAAA1A /* RemoteEndToEndTests.swift in Sources */,
				D1D8D4922D610DBE004F0E20 /* ConvertCurrencyUseCaseTests.swift in Sources */,
				D1D8D48A2D610943004F0E20 /* RatesDTO.swift in Sources */,
				D1D8D4962D6115E8004F0E20 /* ConverterViewModel.swift in Sources */,
			);
			runOnlyForDeploymentPostprocessing = 0;
		};
		D1A6B8AB2D60DB7200EAAA1A /* Sources */ = {
			isa = PBXSourcesBuildPhase;
			buildActionMask = 2147483647;
			files = (
				D1A6B8B62D60DB7200EAAA1A /* PaypayChallengeUITestsLaunchTests.swift in Sources */,
				D1A6B8B42D60DB7200EAAA1A /* PaypayChallengeUITests.swift in Sources */,
			);
			runOnlyForDeploymentPostprocessing = 0;
		};
/* End PBXSourcesBuildPhase section */

/* Begin PBXTargetDependency section */
		D1A6B8A72D60DB7200EAAA1A /* PBXTargetDependency */ = {
			isa = PBXTargetDependency;
			target = D1A6B88E2D60DB7100EAAA1A /* PaypayChallenge */;
			targetProxy = D1A6B8A62D60DB7200EAAA1A /* PBXContainerItemProxy */;
		};
		D1A6B8B12D60DB7200EAAA1A /* PBXTargetDependency */ = {
			isa = PBXTargetDependency;
			target = D1A6B88E2D60DB7100EAAA1A /* PaypayChallenge */;
			targetProxy = D1A6B8B02D60DB7200EAAA1A /* PBXContainerItemProxy */;
		};
/* End PBXTargetDependency section */

/* Begin PBXVariantGroup section */
		D1A6B89D2D60DB7200EAAA1A /* LaunchScreen.storyboard */ = {
			isa = PBXVariantGroup;
			children = (
				D1A6B89E2D60DB7200EAAA1A /* Base */,
			);
			name = LaunchScreen.storyboard;
			sourceTree = "<group>";
		};
/* End PBXVariantGroup section */

/* Begin XCBuildConfiguration section */
		D1A6B8B72D60DB7200EAAA1A /* Debug */ = {
			isa = XCBuildConfiguration;
			buildSettings = {
				ALWAYS_SEARCH_USER_PATHS = NO;
				ASSETCATALOG_COMPILER_GENERATE_SWIFT_ASSET_SYMBOL_EXTENSIONS = YES;
				CLANG_ANALYZER_NONNULL = YES;
				CLANG_ANALYZER_NUMBER_OBJECT_CONVERSION = YES_AGGRESSIVE;
				CLANG_CXX_LANGUAGE_STANDARD = "gnu++20";
				CLANG_ENABLE_MODULES = YES;
				CLANG_ENABLE_OBJC_ARC = YES;
				CLANG_ENABLE_OBJC_WEAK = YES;
				CLANG_WARN_BLOCK_CAPTURE_AUTORELEASING = YES;
				CLANG_WARN_BOOL_CONVERSION = YES;
				CLANG_WARN_COMMA = YES;
				CLANG_WARN_CONSTANT_CONVERSION = YES;
				CLANG_WARN_DEPRECATED_OBJC_IMPLEMENTATIONS = YES;
				CLANG_WARN_DIRECT_OBJC_ISA_USAGE = YES_ERROR;
				CLANG_WARN_DOCUMENTATION_COMMENTS = YES;
				CLANG_WARN_EMPTY_BODY = YES;
				CLANG_WARN_ENUM_CONVERSION = YES;
				CLANG_WARN_INFINITE_RECURSION = YES;
				CLANG_WARN_INT_CONVERSION = YES;
				CLANG_WARN_NON_LITERAL_NULL_CONVERSION = YES;
				CLANG_WARN_OBJC_IMPLICIT_RETAIN_SELF = YES;
				CLANG_WARN_OBJC_LITERAL_CONVERSION = YES;
				CLANG_WARN_OBJC_ROOT_CLASS = YES_ERROR;
				CLANG_WARN_QUOTED_INCLUDE_IN_FRAMEWORK_HEADER = YES;
				CLANG_WARN_RANGE_LOOP_ANALYSIS = YES;
				CLANG_WARN_STRICT_PROTOTYPES = YES;
				CLANG_WARN_SUSPICIOUS_MOVE = YES;
				CLANG_WARN_UNGUARDED_AVAILABILITY = YES_AGGRESSIVE;
				CLANG_WARN_UNREACHABLE_CODE = YES;
				CLANG_WARN__DUPLICATE_METHOD_MATCH = YES;
				COPY_PHASE_STRIP = NO;
				DEBUG_INFORMATION_FORMAT = dwarf;
				ENABLE_STRICT_OBJC_MSGSEND = YES;
				ENABLE_TESTABILITY = YES;
				ENABLE_USER_SCRIPT_SANDBOXING = YES;
				GCC_C_LANGUAGE_STANDARD = gnu17;
				GCC_DYNAMIC_NO_PIC = NO;
				GCC_NO_COMMON_BLOCKS = YES;
				GCC_OPTIMIZATION_LEVEL = 0;
				GCC_PREPROCESSOR_DEFINITIONS = (
					"DEBUG=1",
					"$(inherited)",
				);
				GCC_WARN_64_TO_32_BIT_CONVERSION = YES;
				GCC_WARN_ABOUT_RETURN_TYPE = YES_ERROR;
				GCC_WARN_UNDECLARED_SELECTOR = YES;
				GCC_WARN_UNINITIALIZED_AUTOS = YES_AGGRESSIVE;
				GCC_WARN_UNUSED_FUNCTION = YES;
				GCC_WARN_UNUSED_VARIABLE = YES;
				IPHONEOS_DEPLOYMENT_TARGET = 17.2;
				LOCALIZATION_PREFERS_STRING_CATALOGS = YES;
				MTL_ENABLE_DEBUG_INFO = INCLUDE_SOURCE;
				MTL_FAST_MATH = YES;
				ONLY_ACTIVE_ARCH = YES;
				SDKROOT = iphoneos;
				SWIFT_ACTIVE_COMPILATION_CONDITIONS = "DEBUG $(inherited)";
				SWIFT_OPTIMIZATION_LEVEL = "-Onone";
			};
			name = Debug;
		};
		D1A6B8B82D60DB7200EAAA1A /* Release */ = {
			isa = XCBuildConfiguration;
			buildSettings = {
				ALWAYS_SEARCH_USER_PATHS = NO;
				ASSETCATALOG_COMPILER_GENERATE_SWIFT_ASSET_SYMBOL_EXTENSIONS = YES;
				CLANG_ANALYZER_NONNULL = YES;
				CLANG_ANALYZER_NUMBER_OBJECT_CONVERSION = YES_AGGRESSIVE;
				CLANG_CXX_LANGUAGE_STANDARD = "gnu++20";
				CLANG_ENABLE_MODULES = YES;
				CLANG_ENABLE_OBJC_ARC = YES;
				CLANG_ENABLE_OBJC_WEAK = YES;
				CLANG_WARN_BLOCK_CAPTURE_AUTORELEASING = YES;
				CLANG_WARN_BOOL_CONVERSION = YES;
				CLANG_WARN_COMMA = YES;
				CLANG_WARN_CONSTANT_CONVERSION = YES;
				CLANG_WARN_DEPRECATED_OBJC_IMPLEMENTATIONS = YES;
				CLANG_WARN_DIRECT_OBJC_ISA_USAGE = YES_ERROR;
				CLANG_WARN_DOCUMENTATION_COMMENTS = YES;
				CLANG_WARN_EMPTY_BODY = YES;
				CLANG_WARN_ENUM_CONVERSION = YES;
				CLANG_WARN_INFINITE_RECURSION = YES;
				CLANG_WARN_INT_CONVERSION = YES;
				CLANG_WARN_NON_LITERAL_NULL_CONVERSION = YES;
				CLANG_WARN_OBJC_IMPLICIT_RETAIN_SELF = YES;
				CLANG_WARN_OBJC_LITERAL_CONVERSION = YES;
				CLANG_WARN_OBJC_ROOT_CLASS = YES_ERROR;
				CLANG_WARN_QUOTED_INCLUDE_IN_FRAMEWORK_HEADER = YES;
				CLANG_WARN_RANGE_LOOP_ANALYSIS = YES;
				CLANG_WARN_STRICT_PROTOTYPES = YES;
				CLANG_WARN_SUSPICIOUS_MOVE = YES;
				CLANG_WARN_UNGUARDED_AVAILABILITY = YES_AGGRESSIVE;
				CLANG_WARN_UNREACHABLE_CODE = YES;
				CLANG_WARN__DUPLICATE_METHOD_MATCH = YES;
				COPY_PHASE_STRIP = NO;
				DEBUG_INFORMATION_FORMAT = "dwarf-with-dsym";
				ENABLE_NS_ASSERTIONS = NO;
				ENABLE_STRICT_OBJC_MSGSEND = YES;
				ENABLE_USER_SCRIPT_SANDBOXING = YES;
				GCC_C_LANGUAGE_STANDARD = gnu17;
				GCC_NO_COMMON_BLOCKS = YES;
				GCC_WARN_64_TO_32_BIT_CONVERSION = YES;
				GCC_WARN_ABOUT_RETURN_TYPE = YES_ERROR;
				GCC_WARN_UNDECLARED_SELECTOR = YES;
				GCC_WARN_UNINITIALIZED_AUTOS = YES_AGGRESSIVE;
				GCC_WARN_UNUSED_FUNCTION = YES;
				GCC_WARN_UNUSED_VARIABLE = YES;
				IPHONEOS_DEPLOYMENT_TARGET = 17.2;
				LOCALIZATION_PREFERS_STRING_CATALOGS = YES;
				MTL_ENABLE_DEBUG_INFO = NO;
				MTL_FAST_MATH = YES;
				SDKROOT = iphoneos;
				SWIFT_COMPILATION_MODE = wholemodule;
				VALIDATE_PRODUCT = YES;
			};
			name = Release;
		};
		D1A6B8BA2D60DB7200EAAA1A /* Debug */ = {
			isa = XCBuildConfiguration;
			buildSettings = {
				ASSETCATALOG_COMPILER_APPICON_NAME = AppIcon;
				ASSETCATALOG_COMPILER_GLOBAL_ACCENT_COLOR_NAME = AccentColor;
				CODE_SIGN_STYLE = Automatic;
				CURRENT_PROJECT_VERSION = 1;
				DEVELOPMENT_TEAM = WAGW44Z6JC;
				GENERATE_INFOPLIST_FILE = YES;
				INFOPLIST_FILE = PaypayChallenge/Info.plist;
				INFOPLIST_KEY_UIApplicationSupportsIndirectInputEvents = YES;
				INFOPLIST_KEY_UILaunchStoryboardName = LaunchScreen;
				INFOPLIST_KEY_UISupportedInterfaceOrientations_iPad = "UIInterfaceOrientationPortrait UIInterfaceOrientationPortraitUpsideDown UIInterfaceOrientationLandscapeLeft UIInterfaceOrientationLandscapeRight";
				INFOPLIST_KEY_UISupportedInterfaceOrientations_iPhone = "UIInterfaceOrientationPortrait UIInterfaceOrientationLandscapeLeft UIInterfaceOrientationLandscapeRight";
				LD_RUNPATH_SEARCH_PATHS = (
					"$(inherited)",
					"@executable_path/Frameworks",
				);
				MARKETING_VERSION = 1.0;
				PRODUCT_BUNDLE_IDENTIFIER = devlab.com.PaypayChallenge;
				PRODUCT_NAME = "$(TARGET_NAME)";
				SWIFT_EMIT_LOC_STRINGS = YES;
				SWIFT_VERSION = 5.0;
				TARGETED_DEVICE_FAMILY = "1,2";
			};
			name = Debug;
		};
		D1A6B8BB2D60DB7200EAAA1A /* Release */ = {
			isa = XCBuildConfiguration;
			buildSettings = {
				ASSETCATALOG_COMPILER_APPICON_NAME = AppIcon;
				ASSETCATALOG_COMPILER_GLOBAL_ACCENT_COLOR_NAME = AccentColor;
				CODE_SIGN_STYLE = Automatic;
				CURRENT_PROJECT_VERSION = 1;
				DEVELOPMENT_TEAM = WAGW44Z6JC;
				GENERATE_INFOPLIST_FILE = YES;
				INFOPLIST_FILE = PaypayChallenge/Info.plist;
				INFOPLIST_KEY_UIApplicationSupportsIndirectInputEvents = YES;
				INFOPLIST_KEY_UILaunchStoryboardName = LaunchScreen;
				INFOPLIST_KEY_UISupportedInterfaceOrientations_iPad = "UIInterfaceOrientationPortrait UIInterfaceOrientationPortraitUpsideDown UIInterfaceOrientationLandscapeLeft UIInterfaceOrientationLandscapeRight";
				INFOPLIST_KEY_UISupportedInterfaceOrientations_iPhone = "UIInterfaceOrientationPortrait UIInterfaceOrientationLandscapeLeft UIInterfaceOrientationLandscapeRight";
				LD_RUNPATH_SEARCH_PATHS = (
					"$(inherited)",
					"@executable_path/Frameworks",
				);
				MARKETING_VERSION = 1.0;
				PRODUCT_BUNDLE_IDENTIFIER = devlab.com.PaypayChallenge;
				PRODUCT_NAME = "$(TARGET_NAME)";
				SWIFT_EMIT_LOC_STRINGS = YES;
				SWIFT_VERSION = 5.0;
				TARGETED_DEVICE_FAMILY = "1,2";
			};
			name = Release;
		};
		D1A6B8BD2D60DB7200EAAA1A /* Debug */ = {
			isa = XCBuildConfiguration;
			buildSettings = {
				ALWAYS_EMBED_SWIFT_STANDARD_LIBRARIES = YES;
				BUNDLE_LOADER = "$(TEST_HOST)";
				CODE_SIGN_STYLE = Automatic;
				CURRENT_PROJECT_VERSION = 1;
				DEVELOPMENT_TEAM = WAGW44Z6JC;
				GENERATE_INFOPLIST_FILE = YES;
				IPHONEOS_DEPLOYMENT_TARGET = 17.2;
				MARKETING_VERSION = 1.0;
				PRODUCT_BUNDLE_IDENTIFIER = devlab.com.PaypayChallengeTests;
				PRODUCT_NAME = "$(TARGET_NAME)";
				SWIFT_EMIT_LOC_STRINGS = NO;
				SWIFT_VERSION = 5.0;
				TARGETED_DEVICE_FAMILY = "1,2";
				TEST_HOST = "$(BUILT_PRODUCTS_DIR)/PaypayChallenge.app/$(BUNDLE_EXECUTABLE_FOLDER_PATH)/PaypayChallenge";
			};
			name = Debug;
		};
		D1A6B8BE2D60DB7200EAAA1A /* Release */ = {
			isa = XCBuildConfiguration;
			buildSettings = {
				ALWAYS_EMBED_SWIFT_STANDARD_LIBRARIES = YES;
				BUNDLE_LOADER = "$(TEST_HOST)";
				CODE_SIGN_STYLE = Automatic;
				CURRENT_PROJECT_VERSION = 1;
				DEVELOPMENT_TEAM = WAGW44Z6JC;
				GENERATE_INFOPLIST_FILE = YES;
				IPHONEOS_DEPLOYMENT_TARGET = 17.2;
				MARKETING_VERSION = 1.0;
				PRODUCT_BUNDLE_IDENTIFIER = devlab.com.PaypayChallengeTests;
				PRODUCT_NAME = "$(TARGET_NAME)";
				SWIFT_EMIT_LOC_STRINGS = NO;
				SWIFT_VERSION = 5.0;
				TARGETED_DEVICE_FAMILY = "1,2";
				TEST_HOST = "$(BUILT_PRODUCTS_DIR)/PaypayChallenge.app/$(BUNDLE_EXECUTABLE_FOLDER_PATH)/PaypayChallenge";
			};
			name = Release;
		};
		D1A6B8C02D60DB7200EAAA1A /* Debug */ = {
			isa = XCBuildConfiguration;
			buildSettings = {
				ALWAYS_EMBED_SWIFT_STANDARD_LIBRARIES = YES;
				CODE_SIGN_STYLE = Automatic;
				CURRENT_PROJECT_VERSION = 1;
				DEVELOPMENT_TEAM = WAGW44Z6JC;
				GENERATE_INFOPLIST_FILE = YES;
				MARKETING_VERSION = 1.0;
				PRODUCT_BUNDLE_IDENTIFIER = devlab.com.PaypayChallengeUITests;
				PRODUCT_NAME = "$(TARGET_NAME)";
				SWIFT_EMIT_LOC_STRINGS = NO;
				SWIFT_VERSION = 5.0;
				TARGETED_DEVICE_FAMILY = "1,2";
				TEST_TARGET_NAME = PaypayChallenge;
			};
			name = Debug;
		};
		D1A6B8C12D60DB7200EAAA1A /* Release */ = {
			isa = XCBuildConfiguration;
			buildSettings = {
				ALWAYS_EMBED_SWIFT_STANDARD_LIBRARIES = YES;
				CODE_SIGN_STYLE = Automatic;
				CURRENT_PROJECT_VERSION = 1;
				DEVELOPMENT_TEAM = WAGW44Z6JC;
				GENERATE_INFOPLIST_FILE = YES;
				MARKETING_VERSION = 1.0;
				PRODUCT_BUNDLE_IDENTIFIER = devlab.com.PaypayChallengeUITests;
				PRODUCT_NAME = "$(TARGET_NAME)";
				SWIFT_EMIT_LOC_STRINGS = NO;
				SWIFT_VERSION = 5.0;
				TARGETED_DEVICE_FAMILY = "1,2";
				TEST_TARGET_NAME = PaypayChallenge;
			};
			name = Release;
		};
/* End XCBuildConfiguration section */

/* Begin XCConfigurationList section */
		D1A6B88A2D60DB7100EAAA1A /* Build configuration list for PBXProject "PaypayChallenge" */ = {
			isa = XCConfigurationList;
			buildConfigurations = (
				D1A6B8B72D60DB7200EAAA1A /* Debug */,
				D1A6B8B82D60DB7200EAAA1A /* Release */,
			);
			defaultConfigurationIsVisible = 0;
			defaultConfigurationName = Release;
		};
		D1A6B8B92D60DB7200EAAA1A /* Build configuration list for PBXNativeTarget "PaypayChallenge" */ = {
			isa = XCConfigurationList;
			buildConfigurations = (
				D1A6B8BA2D60DB7200EAAA1A /* Debug */,
				D1A6B8BB2D60DB7200EAAA1A /* Release */,
			);
			defaultConfigurationIsVisible = 0;
			defaultConfigurationName = Release;
		};
		D1A6B8BC2D60DB7200EAAA1A /* Build configuration list for PBXNativeTarget "PaypayChallengeTests" */ = {
			isa = XCConfigurationList;
			buildConfigurations = (
				D1A6B8BD2D60DB7200EAAA1A /* Debug */,
				D1A6B8BE2D60DB7200EAAA1A /* Release */,
			);
			defaultConfigurationIsVisible = 0;
			defaultConfigurationName = Release;
		};
		D1A6B8BF2D60DB7200EAAA1A /* Build configuration list for PBXNativeTarget "PaypayChallengeUITests" */ = {
			isa = XCConfigurationList;
			buildConfigurations = (
				D1A6B8C02D60DB7200EAAA1A /* Debug */,
				D1A6B8C12D60DB7200EAAA1A /* Release */,
			);
			defaultConfigurationIsVisible = 0;
			defaultConfigurationName = Release;
		};
/* End XCConfigurationList section */

/* Begin XCRemoteSwiftPackageReference section */
		D1A6B8C22D60DCDF00EAAA1A /* XCRemoteSwiftPackageReference "RHNetworkAPI" */ = {
			isa = XCRemoteSwiftPackageReference;
			repositoryURL = "https://github.com/HsinChungHan/RHNetworkAPI";
			requirement = {
				branch = main;
				kind = branch;
			};
		};
		D1A6B8C52D60DCF100EAAA1A /* XCRemoteSwiftPackageReference "RHCacheStoreAPI" */ = {
			isa = XCRemoteSwiftPackageReference;
			repositoryURL = "https://github.com/HsinChungHan/RHCacheStoreAPI";
			requirement = {
				branch = main;
				kind = branch;
			};
		};
		D1A6B8C82D60DD0500EAAA1A /* XCRemoteSwiftPackageReference "SnapKit" */ = {
			isa = XCRemoteSwiftPackageReference;
			repositoryURL = "https://github.com/SnapKit/SnapKit.git";
			requirement = {
				kind = upToNextMajorVersion;
				minimumVersion = 5.7.1;
			};
		};
/* End XCRemoteSwiftPackageReference section */

/* Begin XCSwiftPackageProductDependency section */
		D1A6B8C32D60DCDF00EAAA1A /* RHNetworkAPI */ = {
			isa = XCSwiftPackageProductDependency;
			package = D1A6B8C22D60DCDF00EAAA1A /* XCRemoteSwiftPackageReference "RHNetworkAPI" */;
			productName = RHNetworkAPI;
		};
		D1A6B8C62D60DCF100EAAA1A /* RHCacheStoreAPI */ = {
			isa = XCSwiftPackageProductDependency;
			package = D1A6B8C52D60DCF100EAAA1A /* XCRemoteSwiftPackageReference "RHCacheStoreAPI" */;
			productName = RHCacheStoreAPI;
		};
		D1D8D49D2D617EB3004F0E20 /* SnapKit */ = {
			isa = XCSwiftPackageProductDependency;
			package = D1A6B8C82D60DD0500EAAA1A /* XCRemoteSwiftPackageReference "SnapKit" */;
			productName = SnapKit;
		};
/* End XCSwiftPackageProductDependency section */
	};
	rootObject = D1A6B8872D60DB7100EAAA1A /* Project object */;
}
